// !$*UTF8*$!
{
	archiveVersion = 1;
	classes = {
	};
	objectVersion = 46;
	objects = {

/* Begin PBXBuildFile section */
		6DACA0711613782F001C7E6C /* contact-placeholder.jpg in Resources */ = {isa = PBXBuildFile; fileRef = 6DACA0701613782F001C7E6C /* contact-placeholder.jpg */; };
		6DEE02BB160A561900A36469 /* libmailcore.a in Frameworks */ = {isa = PBXBuildFile; fileRef = 6DEE02B4160A55E200A36469 /* libmailcore.a */; };
		6DEE02BD160A563900A36469 /* libssl.a in Frameworks */ = {isa = PBXBuildFile; fileRef = 6DEE02BC160A563900A36469 /* libssl.a */; };
		6DEE02BF160A564300A36469 /* libsasl2.a in Frameworks */ = {isa = PBXBuildFile; fileRef = 6DEE02BE160A564300A36469 /* libsasl2.a */; };
		6DEE02C1160A565100A36469 /* libcrypto.a in Frameworks */ = {isa = PBXBuildFile; fileRef = 6DEE02C0160A565100A36469 /* libcrypto.a */; };
		6DEE02C2160A565F00A36469 /* libiconv.dylib in Frameworks */ = {isa = PBXBuildFile; fileRef = B427B91415F2CBC700991195 /* libiconv.dylib */; };
		B41C896715EDDC0300A26B03 /* DrawingViewController.m in Sources */ = {isa = PBXBuildFile; fileRef = B41C896615EDDC0300A26B03 /* DrawingViewController.m */; };
		B427B28B15F2A4DE00991195 /* Model.xcdatamodeld in Sources */ = {isa = PBXBuildFile; fileRef = B427B28915F2A4DE00991195 /* Model.xcdatamodeld */; };
		B427B91315F2CB9100991195 /* CFNetwork.framework in Frameworks */ = {isa = PBXBuildFile; fileRef = B427B91215F2CB9100991195 /* CFNetwork.framework */; };
		B427BFAA15F2D8B800991195 /* User.m in Sources */ = {isa = PBXBuildFile; fileRef = B427BFA915F2D8B800991195 /* User.m */; };
		B427BFAD15F2D8F400991195 /* Contact.m in Sources */ = {isa = PBXBuildFile; fileRef = B427BFAC15F2D8F400991195 /* Contact.m */; };
		B427BFB315F2DC3C00991195 /* CoreData.framework in Frameworks */ = {isa = PBXBuildFile; fileRef = B427BFB215F2DC3C00991195 /* CoreData.framework */; };
		B427BFB615F2E40A00991195 /* SettingsViewController.m in Sources */ = {isa = PBXBuildFile; fileRef = B427BFB515F2E40A00991195 /* SettingsViewController.m */; };
		B427BFB815F2E7DD00991195 /* CoreData.framework in Frameworks */ = {isa = PBXBuildFile; fileRef = B427BFB715F2E7DD00991195 /* CoreData.framework */; };
		B427BFC115F412D100991195 /* ContactTableViewCell.m in Sources */ = {isa = PBXBuildFile; fileRef = B427BFC015F412D100991195 /* ContactTableViewCell.m */; };
		B4B9837715EC6E9500485407 /* UIKit.framework in Frameworks */ = {isa = PBXBuildFile; fileRef = B4B9837615EC6E9500485407 /* UIKit.framework */; };
		B4B9837915EC6E9500485407 /* Foundation.framework in Frameworks */ = {isa = PBXBuildFile; fileRef = B4B9837815EC6E9500485407 /* Foundation.framework */; };
		B4B9837B15EC6E9500485407 /* CoreGraphics.framework in Frameworks */ = {isa = PBXBuildFile; fileRef = B4B9837A15EC6E9500485407 /* CoreGraphics.framework */; };
		B4B9838115EC6E9500485407 /* InfoPlist.strings in Resources */ = {isa = PBXBuildFile; fileRef = B4B9837F15EC6E9500485407 /* InfoPlist.strings */; };
		B4B9838315EC6E9500485407 /* main.m in Sources */ = {isa = PBXBuildFile; fileRef = B4B9838215EC6E9500485407 /* main.m */; };
		B4B9838715EC6E9500485407 /* AppDelegate.m in Sources */ = {isa = PBXBuildFile; fileRef = B4B9838615EC6E9500485407 /* AppDelegate.m */; };
		B4B9838A15EC6E9500485407 /* MainStoryboard_iPhone.storyboard in Resources */ = {isa = PBXBuildFile; fileRef = B4B9838815EC6E9500485407 /* MainStoryboard_iPhone.storyboard */; };
		B4B9838D15EC6E9500485407 /* MainStoryboard_iPad.storyboard in Resources */ = {isa = PBXBuildFile; fileRef = B4B9838B15EC6E9500485407 /* MainStoryboard_iPad.storyboard */; };
		B4B9839815EC6E9500485407 /* SenTestingKit.framework in Frameworks */ = {isa = PBXBuildFile; fileRef = B4B9839715EC6E9500485407 /* SenTestingKit.framework */; };
		B4B9839915EC6E9500485407 /* UIKit.framework in Frameworks */ = {isa = PBXBuildFile; fileRef = B4B9837615EC6E9500485407 /* UIKit.framework */; };
		B4B9839A15EC6E9500485407 /* Foundation.framework in Frameworks */ = {isa = PBXBuildFile; fileRef = B4B9837815EC6E9500485407 /* Foundation.framework */; };
		B4B983A215EC6E9500485407 /* InfoPlist.strings in Resources */ = {isa = PBXBuildFile; fileRef = B4B983A015EC6E9500485407 /* InfoPlist.strings */; };
		B4B983A515EC6E9500485407 /* GromMailTests.m in Sources */ = {isa = PBXBuildFile; fileRef = B4B983A415EC6E9500485407 /* GromMailTests.m */; };
		B4B983B015EC7FB900485407 /* MyNavigationControllerViewController.m in Sources */ = {isa = PBXBuildFile; fileRef = B4B983AF15EC7FB900485407 /* MyNavigationControllerViewController.m */; };
		B4B983B315EC847900485407 /* MyViewController.m in Sources */ = {isa = PBXBuildFile; fileRef = B4B983B215EC847900485407 /* MyViewController.m */; };
		B4B983BA15ED1FEF00485407 /* DrawingView.m in Sources */ = {isa = PBXBuildFile; fileRef = B4B983B915ED1FEF00485407 /* DrawingView.m */; };
		B4DBA86115FFAA5C007CCE63 /* EmailAddress.m in Sources */ = {isa = PBXBuildFile; fileRef = B4DBA86015FFAA5C007CCE63 /* EmailAddress.m */; };
/* End PBXBuildFile section */

/* Begin PBXContainerItemProxy section */
		6DEE02B1160A55E200A36469 /* PBXContainerItemProxy */ = {
			isa = PBXContainerItemProxy;
			containerPortal = 6DEE029A160A55E000A36469 /* MailCore.xcodeproj */;
			proxyType = 2;
			remoteGlobalIDString = 8DC2EF5B0486A6940098B216;
			remoteInfo = MailCore;
		};
		6DEE02B3160A55E200A36469 /* PBXContainerItemProxy */ = {
			isa = PBXContainerItemProxy;
			containerPortal = 6DEE029A160A55E000A36469 /* MailCore.xcodeproj */;
			proxyType = 2;
			remoteGlobalIDString = F8618B5710DADB5C00C41188;
			remoteInfo = "MailCore iOS";
		};
		6DEE02B5160A55E200A36469 /* PBXContainerItemProxy */ = {
			isa = PBXContainerItemProxy;
			containerPortal = 6DEE029A160A55E000A36469 /* MailCore.xcodeproj */;
			proxyType = 2;
			remoteGlobalIDString = F8DFCF4915801A5000C01975;
			remoteInfo = Tests;
		};
		6DEE02C3160A567600A36469 /* PBXContainerItemProxy */ = {
			isa = PBXContainerItemProxy;
			containerPortal = 6DEE029A160A55E000A36469 /* MailCore.xcodeproj */;
			proxyType = 1;
			remoteGlobalIDString = F8618B5610DADB5C00C41188;
			remoteInfo = "MailCore iOS";
		};
		B4B9839B15EC6E9500485407 /* PBXContainerItemProxy */ = {
			isa = PBXContainerItemProxy;
			containerPortal = B4B9836915EC6E9500485407 /* Project object */;
			proxyType = 1;
			remoteGlobalIDString = B4B9837115EC6E9500485407;
			remoteInfo = GromMail;
		};
/* End PBXContainerItemProxy section */

/* Begin PBXFileReference section */
		6DACA0701613782F001C7E6C /* contact-placeholder.jpg */ = {isa = PBXFileReference; lastKnownFileType = image.jpeg; path = "contact-placeholder.jpg"; sourceTree = "<group>"; };
		6DEE029A160A55E000A36469 /* MailCore.xcodeproj */ = {isa = PBXFileReference; lastKnownFileType = "wrapper.pb-project"; name = MailCore.xcodeproj; path = ../../MailCore/MailCore.xcodeproj; sourceTree = "<group>"; };
		6DEE02BC160A563900A36469 /* libssl.a */ = {isa = PBXFileReference; lastKnownFileType = archive.ar; name = libssl.a; path = "../MailCore/iOSPorts/ports/security/openssl/build/Release-iphoneos/libssl.a"; sourceTree = "<group>"; };
		6DEE02BE160A564300A36469 /* libsasl2.a */ = {isa = PBXFileReference; lastKnownFileType = archive.ar; name = libsasl2.a; path = "../MailCore/iOSPorts/ports/security/cyrus-sasl/build/Release-iphoneos/libsasl2.a"; sourceTree = "<group>"; };
		6DEE02C0160A565100A36469 /* libcrypto.a */ = {isa = PBXFileReference; lastKnownFileType = archive.ar; name = libcrypto.a; path = "../MailCore/iOSPorts/ports/security/openssl/build/Release-iphoneos/libcrypto.a"; sourceTree = "<group>"; };
		B41C896515EDDC0300A26B03 /* DrawingViewController.h */ = {isa = PBXFileReference; fileEncoding = 4; lastKnownFileType = sourcecode.c.h; path = DrawingViewController.h; sourceTree = "<group>"; };
		B41C896615EDDC0300A26B03 /* DrawingViewController.m */ = {isa = PBXFileReference; fileEncoding = 4; lastKnownFileType = sourcecode.c.objc; path = DrawingViewController.m; sourceTree = "<group>"; };
		B427B28A15F2A4DE00991195 /* Model.xcdatamodel */ = {isa = PBXFileReference; lastKnownFileType = wrapper.xcdatamodel; path = Model.xcdatamodel; sourceTree = "<group>"; };
		B427B91215F2CB9100991195 /* CFNetwork.framework */ = {isa = PBXFileReference; lastKnownFileType = wrapper.framework; name = CFNetwork.framework; path = System/Library/Frameworks/CFNetwork.framework; sourceTree = SDKROOT; };
		B427B91415F2CBC700991195 /* libiconv.dylib */ = {isa = PBXFileReference; lastKnownFileType = "compiled.mach-o.dylib"; name = libiconv.dylib; path = usr/lib/libiconv.dylib; sourceTree = SDKROOT; };
		B427BFA015F2CD1000991195 /* libcrypto.a */ = {isa = PBXFileReference; lastKnownFileType = archive.ar; name = libcrypto.a; path = "../MailCore/iOSPorts/ports/security/openssl/build/Release-iphoneos/libcrypto.a"; sourceTree = "<group>"; };
		B427BFA115F2CD1000991195 /* libsasl2.a */ = {isa = PBXFileReference; lastKnownFileType = archive.ar; name = libsasl2.a; path = "../MailCore/iOSPorts/ports/security/cyrus-sasl/build/Release-iphoneos/libsasl2.a"; sourceTree = "<group>"; };
		B427BFA215F2CD1000991195 /* libssl.a */ = {isa = PBXFileReference; lastKnownFileType = archive.ar; name = libssl.a; path = "../MailCore/iOSPorts/ports/security/openssl/build/Release-iphoneos/libssl.a"; sourceTree = "<group>"; };
		B427BFA815F2D8B800991195 /* User.h */ = {isa = PBXFileReference; fileEncoding = 4; lastKnownFileType = sourcecode.c.h; path = User.h; sourceTree = "<group>"; };
		B427BFA915F2D8B800991195 /* User.m */ = {isa = PBXFileReference; fileEncoding = 4; lastKnownFileType = sourcecode.c.objc; path = User.m; sourceTree = "<group>"; };
		B427BFAB15F2D8F400991195 /* Contact.h */ = {isa = PBXFileReference; fileEncoding = 4; lastKnownFileType = sourcecode.c.h; path = Contact.h; sourceTree = "<group>"; };
		B427BFAC15F2D8F400991195 /* Contact.m */ = {isa = PBXFileReference; fileEncoding = 4; lastKnownFileType = sourcecode.c.objc; path = Contact.m; sourceTree = "<group>"; };
		B427BFB215F2DC3C00991195 /* CoreData.framework */ = {isa = PBXFileReference; lastKnownFileType = wrapper.framework; name = CoreData.framework; path = System/Library/Frameworks/CoreData.framework; sourceTree = SDKROOT; };
		B427BFB415F2E40A00991195 /* SettingsViewController.h */ = {isa = PBXFileReference; fileEncoding = 4; lastKnownFileType = sourcecode.c.h; path = SettingsViewController.h; sourceTree = "<group>"; };
		B427BFB515F2E40A00991195 /* SettingsViewController.m */ = {isa = PBXFileReference; fileEncoding = 4; lastKnownFileType = sourcecode.c.objc; path = SettingsViewController.m; sourceTree = "<group>"; };
		B427BFB715F2E7DD00991195 /* CoreData.framework */ = {isa = PBXFileReference; lastKnownFileType = wrapper.framework; name = CoreData.framework; path = System/Library/Frameworks/CoreData.framework; sourceTree = SDKROOT; };
		B427BFBF15F412D000991195 /* ContactTableViewCell.h */ = {isa = PBXFileReference; fileEncoding = 4; lastKnownFileType = sourcecode.c.h; path = ContactTableViewCell.h; sourceTree = "<group>"; };
		B427BFC015F412D100991195 /* ContactTableViewCell.m */ = {isa = PBXFileReference; fileEncoding = 4; lastKnownFileType = sourcecode.c.objc; path = ContactTableViewCell.m; sourceTree = "<group>"; };
		B4B9837215EC6E9500485407 /* GromMail.app */ = {isa = PBXFileReference; explicitFileType = wrapper.application; includeInIndex = 0; path = GromMail.app; sourceTree = BUILT_PRODUCTS_DIR; };
		B4B9837615EC6E9500485407 /* UIKit.framework */ = {isa = PBXFileReference; lastKnownFileType = wrapper.framework; name = UIKit.framework; path = System/Library/Frameworks/UIKit.framework; sourceTree = SDKROOT; };
		B4B9837815EC6E9500485407 /* Foundation.framework */ = {isa = PBXFileReference; lastKnownFileType = wrapper.framework; name = Foundation.framework; path = System/Library/Frameworks/Foundation.framework; sourceTree = SDKROOT; };
		B4B9837A15EC6E9500485407 /* CoreGraphics.framework */ = {isa = PBXFileReference; lastKnownFileType = wrapper.framework; name = CoreGraphics.framework; path = System/Library/Frameworks/CoreGraphics.framework; sourceTree = SDKROOT; };
		B4B9837E15EC6E9500485407 /* GromMail-Info.plist */ = {isa = PBXFileReference; lastKnownFileType = text.plist.xml; path = "GromMail-Info.plist"; sourceTree = "<group>"; };
		B4B9838015EC6E9500485407 /* en */ = {isa = PBXFileReference; lastKnownFileType = text.plist.strings; name = en; path = en.lproj/InfoPlist.strings; sourceTree = "<group>"; };
		B4B9838215EC6E9500485407 /* main.m */ = {isa = PBXFileReference; lastKnownFileType = sourcecode.c.objc; path = main.m; sourceTree = "<group>"; };
		B4B9838415EC6E9500485407 /* GromMail-Prefix.pch */ = {isa = PBXFileReference; lastKnownFileType = sourcecode.c.h; path = "GromMail-Prefix.pch"; sourceTree = "<group>"; };
		B4B9838515EC6E9500485407 /* AppDelegate.h */ = {isa = PBXFileReference; lastKnownFileType = sourcecode.c.h; path = AppDelegate.h; sourceTree = "<group>"; };
		B4B9838615EC6E9500485407 /* AppDelegate.m */ = {isa = PBXFileReference; lastKnownFileType = sourcecode.c.objc; path = AppDelegate.m; sourceTree = "<group>"; };
		B4B9838915EC6E9500485407 /* en */ = {isa = PBXFileReference; lastKnownFileType = file.storyboard; name = en; path = en.lproj/MainStoryboard_iPhone.storyboard; sourceTree = "<group>"; };
		B4B9838C15EC6E9500485407 /* en */ = {isa = PBXFileReference; lastKnownFileType = file.storyboard; name = en; path = en.lproj/MainStoryboard_iPad.storyboard; sourceTree = "<group>"; };
		B4B9839615EC6E9500485407 /* GromMailTests.octest */ = {isa = PBXFileReference; explicitFileType = wrapper.cfbundle; includeInIndex = 0; path = GromMailTests.octest; sourceTree = BUILT_PRODUCTS_DIR; };
		B4B9839715EC6E9500485407 /* SenTestingKit.framework */ = {isa = PBXFileReference; lastKnownFileType = wrapper.framework; name = SenTestingKit.framework; path = Library/Frameworks/SenTestingKit.framework; sourceTree = DEVELOPER_DIR; };
		B4B9839F15EC6E9500485407 /* GromMailTests-Info.plist */ = {isa = PBXFileReference; lastKnownFileType = text.plist.xml; path = "GromMailTests-Info.plist"; sourceTree = "<group>"; };
		B4B983A115EC6E9500485407 /* en */ = {isa = PBXFileReference; lastKnownFileType = text.plist.strings; name = en; path = en.lproj/InfoPlist.strings; sourceTree = "<group>"; };
		B4B983A315EC6E9500485407 /* GromMailTests.h */ = {isa = PBXFileReference; lastKnownFileType = sourcecode.c.h; path = GromMailTests.h; sourceTree = "<group>"; };
		B4B983A415EC6E9500485407 /* GromMailTests.m */ = {isa = PBXFileReference; lastKnownFileType = sourcecode.c.objc; path = GromMailTests.m; sourceTree = "<group>"; };
		B4B983AE15EC7FB900485407 /* MyNavigationControllerViewController.h */ = {isa = PBXFileReference; fileEncoding = 4; lastKnownFileType = sourcecode.c.h; path = MyNavigationControllerViewController.h; sourceTree = "<group>"; };
		B4B983AF15EC7FB900485407 /* MyNavigationControllerViewController.m */ = {isa = PBXFileReference; fileEncoding = 4; lastKnownFileType = sourcecode.c.objc; path = MyNavigationControllerViewController.m; sourceTree = "<group>"; };
		B4B983B115EC847900485407 /* MyViewController.h */ = {isa = PBXFileReference; fileEncoding = 4; lastKnownFileType = sourcecode.c.h; path = MyViewController.h; sourceTree = "<group>"; };
		B4B983B215EC847900485407 /* MyViewController.m */ = {isa = PBXFileReference; fileEncoding = 4; lastKnownFileType = sourcecode.c.objc; path = MyViewController.m; sourceTree = "<group>"; };
		B4B983B815ED1FEF00485407 /* DrawingView.h */ = {isa = PBXFileReference; fileEncoding = 4; lastKnownFileType = sourcecode.c.h; path = DrawingView.h; sourceTree = "<group>"; };
		B4B983B915ED1FEF00485407 /* DrawingView.m */ = {isa = PBXFileReference; fileEncoding = 4; lastKnownFileType = sourcecode.c.objc; path = DrawingView.m; sourceTree = "<group>"; };
		B4DBA85F15FFAA5C007CCE63 /* EmailAddress.h */ = {isa = PBXFileReference; fileEncoding = 4; lastKnownFileType = sourcecode.c.h; path = EmailAddress.h; sourceTree = "<group>"; };
		B4DBA86015FFAA5C007CCE63 /* EmailAddress.m */ = {isa = PBXFileReference; fileEncoding = 4; lastKnownFileType = sourcecode.c.objc; path = EmailAddress.m; sourceTree = "<group>"; };
/* End PBXFileReference section */

/* Begin PBXFrameworksBuildPhase section */
		B4B9836F15EC6E9500485407 /* Frameworks */ = {
			isa = PBXFrameworksBuildPhase;
			buildActionMask = 2147483647;
			files = (
				6DEE02C2160A565F00A36469 /* libiconv.dylib in Frameworks */,
				6DEE02C1160A565100A36469 /* libcrypto.a in Frameworks */,
				6DEE02BF160A564300A36469 /* libsasl2.a in Frameworks */,
				6DEE02BD160A563900A36469 /* libssl.a in Frameworks */,
				6DEE02BB160A561900A36469 /* libmailcore.a in Frameworks */,
				B427B91315F2CB9100991195 /* CFNetwork.framework in Frameworks */,
				B427BFB315F2DC3C00991195 /* CoreData.framework in Frameworks */,
				B4B9837715EC6E9500485407 /* UIKit.framework in Frameworks */,
				B4B9837915EC6E9500485407 /* Foundation.framework in Frameworks */,
				B4B9837B15EC6E9500485407 /* CoreGraphics.framework in Frameworks */,
				B427BFB815F2E7DD00991195 /* CoreData.framework in Frameworks */,
			);
			runOnlyForDeploymentPostprocessing = 0;
		};
		B4B9839215EC6E9500485407 /* Frameworks */ = {
			isa = PBXFrameworksBuildPhase;
			buildActionMask = 2147483647;
			files = (
				B4B9839815EC6E9500485407 /* SenTestingKit.framework in Frameworks */,
				B4B9839915EC6E9500485407 /* UIKit.framework in Frameworks */,
				B4B9839A15EC6E9500485407 /* Foundation.framework in Frameworks */,
			);
			runOnlyForDeploymentPostprocessing = 0;
		};
/* End PBXFrameworksBuildPhase section */

/* Begin PBXGroup section */
		6DEE029B160A55E000A36469 /* Products */ = {
			isa = PBXGroup;
			children = (
				6DEE02B2160A55E200A36469 /* MailCore.framework */,
				6DEE02B4160A55E200A36469 /* libmailcore.a */,
				6DEE02B6160A55E200A36469 /* Tests.octest */,
			);
			name = Products;
			sourceTree = "<group>";
		};
		B41C895115EDD3EA00A26B03 /* images */ = {
			isa = PBXGroup;
			children = (
				6DACA0701613782F001C7E6C /* contact-placeholder.jpg */,
			);
			path = images;
			sourceTree = "<group>";
		};
		B4B9836715EC6E9500485407 = {
			isa = PBXGroup;
			children = (
				B4B9837C15EC6E9500485407 /* GromMail */,
				B4B9839D15EC6E9500485407 /* GromMailTests */,
				B4B9837515EC6E9500485407 /* Frameworks */,
				B4B9837315EC6E9500485407 /* Products */,
			);
			sourceTree = "<group>";
		};
		B4B9837315EC6E9500485407 /* Products */ = {
			isa = PBXGroup;
			children = (
				B4B9837215EC6E9500485407 /* GromMail.app */,
				B4B9839615EC6E9500485407 /* GromMailTests.octest */,
			);
			name = Products;
			sourceTree = "<group>";
		};
		B4B9837515EC6E9500485407 /* Frameworks */ = {
			isa = PBXGroup;
			children = (
				6DEE02C0160A565100A36469 /* libcrypto.a */,
				6DEE02BE160A564300A36469 /* libsasl2.a */,
				6DEE02BC160A563900A36469 /* libssl.a */,
				B427BFB215F2DC3C00991195 /* CoreData.framework */,
				B427BFB715F2E7DD00991195 /* CoreData.framework */,
				B427BFA015F2CD1000991195 /* libcrypto.a */,
				B427BFA115F2CD1000991195 /* libsasl2.a */,
				B427BFA215F2CD1000991195 /* libssl.a */,
				B427B91415F2CBC700991195 /* libiconv.dylib */,
				B427B91215F2CB9100991195 /* CFNetwork.framework */,
				B4B9837615EC6E9500485407 /* UIKit.framework */,
				B4B9837815EC6E9500485407 /* Foundation.framework */,
				B4B9837A15EC6E9500485407 /* CoreGraphics.framework */,
				B4B9839715EC6E9500485407 /* SenTestingKit.framework */,
			);
			name = Frameworks;
			sourceTree = "<group>";
		};
		B4B9837C15EC6E9500485407 /* GromMail */ = {
			isa = PBXGroup;
			children = (
				6DEE029A160A55E000A36469 /* MailCore.xcodeproj */,
				B427B28915F2A4DE00991195 /* Model.xcdatamodeld */,
				B4DBA85F15FFAA5C007CCE63 /* EmailAddress.h */,
				B4DBA86015FFAA5C007CCE63 /* EmailAddress.m */,
				B427BFA815F2D8B800991195 /* User.h */,
				B427BFA915F2D8B800991195 /* User.m */,
				B427BFAB15F2D8F400991195 /* Contact.h */,
				B427BFAC15F2D8F400991195 /* Contact.m */,
				B4B9838515EC6E9500485407 /* AppDelegate.h */,
				B4B9838615EC6E9500485407 /* AppDelegate.m */,
				B4B9838815EC6E9500485407 /* MainStoryboard_iPhone.storyboard */,
				B4B9838B15EC6E9500485407 /* MainStoryboard_iPad.storyboard */,
				B427BFB415F2E40A00991195 /* SettingsViewController.h */,
				B427BFB515F2E40A00991195 /* SettingsViewController.m */,
				B427BFBF15F412D000991195 /* ContactTableViewCell.h */,
				B427BFC015F412D100991195 /* ContactTableViewCell.m */,
				B41C896515EDDC0300A26B03 /* DrawingViewController.h */,
				B41C896615EDDC0300A26B03 /* DrawingViewController.m */,
				B4B983B815ED1FEF00485407 /* DrawingView.h */,
				B4B983B915ED1FEF00485407 /* DrawingView.m */,
				B4B983B115EC847900485407 /* MyViewController.h */,
				B4B983B215EC847900485407 /* MyViewController.m */,
				B4B983AE15EC7FB900485407 /* MyNavigationControllerViewController.h */,
				B4B983AF15EC7FB900485407 /* MyNavigationControllerViewController.m */,
				B41C895115EDD3EA00A26B03 /* images */,
				B4B9837D15EC6E9500485407 /* Supporting Files */,
			);
			path = GromMail;
			sourceTree = "<group>";
		};
		B4B9837D15EC6E9500485407 /* Supporting Files */ = {
			isa = PBXGroup;
			children = (
				B4B9837E15EC6E9500485407 /* GromMail-Info.plist */,
				B4B9837F15EC6E9500485407 /* InfoPlist.strings */,
				B4B9838215EC6E9500485407 /* main.m */,
				B4B9838415EC6E9500485407 /* GromMail-Prefix.pch */,
			);
			name = "Supporting Files";
			sourceTree = "<group>";
		};
		B4B9839D15EC6E9500485407 /* GromMailTests */ = {
			isa = PBXGroup;
			children = (
				B4B983A315EC6E9500485407 /* GromMailTests.h */,
				B4B983A415EC6E9500485407 /* GromMailTests.m */,
				B4B9839E15EC6E9500485407 /* Supporting Files */,
			);
			path = GromMailTests;
			sourceTree = "<group>";
		};
		B4B9839E15EC6E9500485407 /* Supporting Files */ = {
			isa = PBXGroup;
			children = (
				B4B9839F15EC6E9500485407 /* GromMailTests-Info.plist */,
				B4B983A015EC6E9500485407 /* InfoPlist.strings */,
			);
			name = "Supporting Files";
			sourceTree = "<group>";
		};
/* End PBXGroup section */

/* Begin PBXNativeTarget section */
		B4B9837115EC6E9500485407 /* GromMail */ = {
			isa = PBXNativeTarget;
			buildConfigurationList = B4B983A815EC6E9500485407 /* Build configuration list for PBXNativeTarget "GromMail" */;
			buildPhases = (
				B4B9836E15EC6E9500485407 /* Sources */,
				B4B9836F15EC6E9500485407 /* Frameworks */,
				B4B9837015EC6E9500485407 /* Resources */,
			);
			buildRules = (
			);
			dependencies = (
				6DEE02C4160A567600A36469 /* PBXTargetDependency */,
			);
			name = GromMail;
			productName = GromMail;
			productReference = B4B9837215EC6E9500485407 /* GromMail.app */;
			productType = "com.apple.product-type.application";
		};
		B4B9839515EC6E9500485407 /* GromMailTests */ = {
			isa = PBXNativeTarget;
			buildConfigurationList = B4B983AB15EC6E9500485407 /* Build configuration list for PBXNativeTarget "GromMailTests" */;
			buildPhases = (
				B4B9839115EC6E9500485407 /* Sources */,
				B4B9839215EC6E9500485407 /* Frameworks */,
				B4B9839315EC6E9500485407 /* Resources */,
				B4B9839415EC6E9500485407 /* ShellScript */,
			);
			buildRules = (
			);
			dependencies = (
				B4B9839C15EC6E9500485407 /* PBXTargetDependency */,
			);
			name = GromMailTests;
			productName = GromMailTests;
			productReference = B4B9839615EC6E9500485407 /* GromMailTests.octest */;
			productType = "com.apple.product-type.bundle";
		};
/* End PBXNativeTarget section */

/* Begin PBXProject section */
		B4B9836915EC6E9500485407 /* Project object */ = {
			isa = PBXProject;
			attributes = {
				LastUpgradeCheck = 0440;
				ORGANIZATIONNAME = "Peter Mikelsons";
			};
			buildConfigurationList = B4B9836C15EC6E9500485407 /* Build configuration list for PBXProject "GromMail" */;
			compatibilityVersion = "Xcode 3.2";
			developmentRegion = English;
			hasScannedForEncodings = 0;
			knownRegions = (
				en,
				English,
			);
			mainGroup = B4B9836715EC6E9500485407;
			productRefGroup = B4B9837315EC6E9500485407 /* Products */;
			projectDirPath = "";
			projectReferences = (
				{
					ProductGroup = 6DEE029B160A55E000A36469 /* Products */;
					ProjectRef = 6DEE029A160A55E000A36469 /* MailCore.xcodeproj */;
				},
			);
			projectRoot = "";
			targets = (
				B4B9837115EC6E9500485407 /* GromMail */,
				B4B9839515EC6E9500485407 /* GromMailTests */,
			);
		};
/* End PBXProject section */

/* Begin PBXReferenceProxy section */
		6DEE02B2160A55E200A36469 /* MailCore.framework */ = {
			isa = PBXReferenceProxy;
			fileType = wrapper.framework;
			path = MailCore.framework;
			remoteRef = 6DEE02B1160A55E200A36469 /* PBXContainerItemProxy */;
			sourceTree = BUILT_PRODUCTS_DIR;
		};
		6DEE02B4160A55E200A36469 /* libmailcore.a */ = {
			isa = PBXReferenceProxy;
			fileType = archive.ar;
			path = libmailcore.a;
			remoteRef = 6DEE02B3160A55E200A36469 /* PBXContainerItemProxy */;
			sourceTree = BUILT_PRODUCTS_DIR;
		};
		6DEE02B6160A55E200A36469 /* Tests.octest */ = {
			isa = PBXReferenceProxy;
			fileType = wrapper.cfbundle;
			path = Tests.octest;
			remoteRef = 6DEE02B5160A55E200A36469 /* PBXContainerItemProxy */;
			sourceTree = BUILT_PRODUCTS_DIR;
		};
/* End PBXReferenceProxy section */

/* Begin PBXResourcesBuildPhase section */
		B4B9837015EC6E9500485407 /* Resources */ = {
			isa = PBXResourcesBuildPhase;
			buildActionMask = 2147483647;
			files = (
				B4B9838115EC6E9500485407 /* InfoPlist.strings in Resources */,
				B4B9838A15EC6E9500485407 /* MainStoryboard_iPhone.storyboard in Resources */,
				B4B9838D15EC6E9500485407 /* MainStoryboard_iPad.storyboard in Resources */,
				6DACA0711613782F001C7E6C /* contact-placeholder.jpg in Resources */,
			);
			runOnlyForDeploymentPostprocessing = 0;
		};
		B4B9839315EC6E9500485407 /* Resources */ = {
			isa = PBXResourcesBuildPhase;
			buildActionMask = 2147483647;
			files = (
				B4B983A215EC6E9500485407 /* InfoPlist.strings in Resources */,
			);
			runOnlyForDeploymentPostprocessing = 0;
		};
/* End PBXResourcesBuildPhase section */

/* Begin PBXShellScriptBuildPhase section */
		B4B9839415EC6E9500485407 /* ShellScript */ = {
			isa = PBXShellScriptBuildPhase;
			buildActionMask = 2147483647;
			files = (
			);
			inputPaths = (
			);
			outputPaths = (
			);
			runOnlyForDeploymentPostprocessing = 0;
			shellPath = /bin/sh;
			shellScript = "# Run the unit tests in this test bundle.\n\"${SYSTEM_DEVELOPER_DIR}/Tools/RunUnitTests\"\n";
		};
/* End PBXShellScriptBuildPhase section */

/* Begin PBXSourcesBuildPhase section */
		B4B9836E15EC6E9500485407 /* Sources */ = {
			isa = PBXSourcesBuildPhase;
			buildActionMask = 2147483647;
			files = (
				B4B9838315EC6E9500485407 /* main.m in Sources */,
				B4B9838715EC6E9500485407 /* AppDelegate.m in Sources */,
				B4B983B015EC7FB900485407 /* MyNavigationControllerViewController.m in Sources */,
				B4B983B315EC847900485407 /* MyViewController.m in Sources */,
				B4B983BA15ED1FEF00485407 /* DrawingView.m in Sources */,
				B41C896715EDDC0300A26B03 /* DrawingViewController.m in Sources */,
				B427B28B15F2A4DE00991195 /* Model.xcdatamodeld in Sources */,
				B427BFAA15F2D8B800991195 /* User.m in Sources */,
				B427BFAD15F2D8F400991195 /* Contact.m in Sources */,
				B427BFB615F2E40A00991195 /* SettingsViewController.m in Sources */,
				B427BFC115F412D100991195 /* ContactTableViewCell.m in Sources */,
				B4DBA86115FFAA5C007CCE63 /* EmailAddress.m in Sources */,
			);
			runOnlyForDeploymentPostprocessing = 0;
		};
		B4B9839115EC6E9500485407 /* Sources */ = {
			isa = PBXSourcesBuildPhase;
			buildActionMask = 2147483647;
			files = (
				B4B983A515EC6E9500485407 /* GromMailTests.m in Sources */,
			);
			runOnlyForDeploymentPostprocessing = 0;
		};
/* End PBXSourcesBuildPhase section */

/* Begin PBXTargetDependency section */
		6DEE02C4160A567600A36469 /* PBXTargetDependency */ = {
			isa = PBXTargetDependency;
			name = "MailCore iOS";
			targetProxy = 6DEE02C3160A567600A36469 /* PBXContainerItemProxy */;
		};
		B4B9839C15EC6E9500485407 /* PBXTargetDependency */ = {
			isa = PBXTargetDependency;
			target = B4B9837115EC6E9500485407 /* GromMail */;
			targetProxy = B4B9839B15EC6E9500485407 /* PBXContainerItemProxy */;
		};
/* End PBXTargetDependency section */

/* Begin PBXVariantGroup section */
		B4B9837F15EC6E9500485407 /* InfoPlist.strings */ = {
			isa = PBXVariantGroup;
			children = (
				B4B9838015EC6E9500485407 /* en */,
			);
			name = InfoPlist.strings;
			sourceTree = "<group>";
		};
		B4B9838815EC6E9500485407 /* MainStoryboard_iPhone.storyboard */ = {
			isa = PBXVariantGroup;
			children = (
				B4B9838915EC6E9500485407 /* en */,
			);
			name = MainStoryboard_iPhone.storyboard;
			sourceTree = "<group>";
		};
		B4B9838B15EC6E9500485407 /* MainStoryboard_iPad.storyboard */ = {
			isa = PBXVariantGroup;
			children = (
				B4B9838C15EC6E9500485407 /* en */,
			);
			name = MainStoryboard_iPad.storyboard;
			sourceTree = "<group>";
		};
		B4B983A015EC6E9500485407 /* InfoPlist.strings */ = {
			isa = PBXVariantGroup;
			children = (
				B4B983A115EC6E9500485407 /* en */,
			);
			name = InfoPlist.strings;
			sourceTree = "<group>";
		};
/* End PBXVariantGroup section */

/* Begin XCBuildConfiguration section */
		B4B983A615EC6E9500485407 /* Debug */ = {
			isa = XCBuildConfiguration;
			buildSettings = {
				ALWAYS_SEARCH_USER_PATHS = NO;
				ARCHS = "$(ARCHS_STANDARD_32_BIT)";
				CLANG_CXX_LANGUAGE_STANDARD = "gnu++0x";
				CLANG_ENABLE_OBJC_ARC = YES;
				CLANG_WARN__DUPLICATE_METHOD_MATCH = YES;
				"CODE_SIGN_IDENTITY[sdk=iphoneos*]" = "iPhone Developer";
				COPY_PHASE_STRIP = NO;
				GCC_C_LANGUAGE_STANDARD = gnu99;
				GCC_DYNAMIC_NO_PIC = NO;
				GCC_OPTIMIZATION_LEVEL = 0;
				GCC_PREPROCESSOR_DEFINITIONS = (
					"DEBUG=1",
					"$(inherited)",
				);
				GCC_SYMBOLS_PRIVATE_EXTERN = NO;
				GCC_VERSION = com.apple.compilers.llvm.clang.1_0;
				GCC_WARN_ABOUT_RETURN_TYPE = YES;
				GCC_WARN_UNINITIALIZED_AUTOS = YES;
				GCC_WARN_UNUSED_VARIABLE = YES;
				IPHONEOS_DEPLOYMENT_TARGET = 5.1;
				SDKROOT = iphoneos;
				TARGETED_DEVICE_FAMILY = "1,2";
			};
			name = Debug;
		};
		B4B983A715EC6E9500485407 /* Release */ = {
			isa = XCBuildConfiguration;
			buildSettings = {
				ALWAYS_SEARCH_USER_PATHS = NO;
				ARCHS = "$(ARCHS_STANDARD_32_BIT)";
				CLANG_CXX_LANGUAGE_STANDARD = "gnu++0x";
				CLANG_ENABLE_OBJC_ARC = YES;
				CLANG_WARN__DUPLICATE_METHOD_MATCH = YES;
				"CODE_SIGN_IDENTITY[sdk=iphoneos*]" = "iPhone Developer";
				COPY_PHASE_STRIP = YES;
				GCC_C_LANGUAGE_STANDARD = gnu99;
				GCC_VERSION = com.apple.compilers.llvm.clang.1_0;
				GCC_WARN_ABOUT_RETURN_TYPE = YES;
				GCC_WARN_UNINITIALIZED_AUTOS = YES;
				GCC_WARN_UNUSED_VARIABLE = YES;
				IPHONEOS_DEPLOYMENT_TARGET = 5.1;
				OTHER_CFLAGS = "-DNS_BLOCK_ASSERTIONS=1";
				SDKROOT = iphoneos;
				TARGETED_DEVICE_FAMILY = "1,2";
				VALIDATE_PRODUCT = YES;
			};
			name = Release;
		};
		B4B983A915EC6E9500485407 /* Debug */ = {
			isa = XCBuildConfiguration;
			buildSettings = {
				GCC_PRECOMPILE_PREFIX_HEADER = YES;
				GCC_PREFIX_HEADER = "GromMail/GromMail-Prefix.pch";
				HEADER_SEARCH_PATHS = "\"$(BUILT_PRODUCTS_DIR)/../../include\"/**";
				INFOPLIST_FILE = "GromMail/GromMail-Info.plist";
				PRODUCT_NAME = "$(TARGET_NAME)";
				WRAPPER_EXTENSION = app;
			};
			name = Debug;
		};
		B4B983AA15EC6E9500485407 /* Release */ = {
			isa = XCBuildConfiguration;
			buildSettings = {
				GCC_PRECOMPILE_PREFIX_HEADER = YES;
				GCC_PREFIX_HEADER = "GromMail/GromMail-Prefix.pch";
				HEADER_SEARCH_PATHS = "\"$(BUILT_PRODUCTS_DIR)/../../include\"/**";
				INFOPLIST_FILE = "GromMail/GromMail-Info.plist";
				PRODUCT_NAME = "$(TARGET_NAME)";
				WRAPPER_EXTENSION = app;
			};
			name = Release;
		};
		B4B983AC15EC6E9500485407 /* Debug */ = {
			isa = XCBuildConfiguration;
			buildSettings = {
				BUNDLE_LOADER = "$(BUILT_PRODUCTS_DIR)/GromMail.app/GromMail";
				FRAMEWORK_SEARCH_PATHS = (
					"\"$(SDKROOT)/Developer/Library/Frameworks\"",
					"\"$(DEVELOPER_LIBRARY_DIR)/Frameworks\"",
				);
				GCC_PRECOMPILE_PREFIX_HEADER = YES;
				GCC_PREFIX_HEADER = "GromMail/GromMail-Prefix.pch";
				INFOPLIST_FILE = "GromMailTests/GromMailTests-Info.plist";
				PRODUCT_NAME = "$(TARGET_NAME)";
				TEST_HOST = "$(BUNDLE_LOADER)";
				WRAPPER_EXTENSION = octest;
			};
			name = Debug;
		};
		B4B983AD15EC6E9500485407 /* Release */ = {
			isa = XCBuildConfiguration;
			buildSettings = {
				BUNDLE_LOADER = "$(BUILT_PRODUCTS_DIR)/GromMail.app/GromMail";
				FRAMEWORK_SEARCH_PATHS = (
					"\"$(SDKROOT)/Developer/Library/Frameworks\"",
					"\"$(DEVELOPER_LIBRARY_DIR)/Frameworks\"",
				);
				GCC_PRECOMPILE_PREFIX_HEADER = YES;
				GCC_PREFIX_HEADER = "GromMail/GromMail-Prefix.pch";
				INFOPLIST_FILE = "GromMailTests/GromMailTests-Info.plist";
				PRODUCT_NAME = "$(TARGET_NAME)";
				TEST_HOST = "$(BUNDLE_LOADER)";
				WRAPPER_EXTENSION = octest;
			};
			name = Release;
		};
/* End XCBuildConfiguration section */

/* Begin XCConfigurationList section */
		B4B9836C15EC6E9500485407 /* Build configuration list for PBXProject "GromMail" */ = {
			isa = XCConfigurationList;
			buildConfigurations = (
				B4B983A615EC6E9500485407 /* Debug */,
				B4B983A715EC6E9500485407 /* Release */,
			);
			defaultConfigurationIsVisible = 0;
			defaultConfigurationName = Release;
		};
		B4B983A815EC6E9500485407 /* Build configuration list for PBXNativeTarget "GromMail" */ = {
			isa = XCConfigurationList;
			buildConfigurations = (
				B4B983A915EC6E9500485407 /* Debug */,
				B4B983AA15EC6E9500485407 /* Release */,
			);
			defaultConfigurationIsVisible = 0;
			defaultConfigurationName = Release;
		};
		B4B983AB15EC6E9500485407 /* Build configuration list for PBXNativeTarget "GromMailTests" */ = {
			isa = XCConfigurationList;
			buildConfigurations = (
				B4B983AC15EC6E9500485407 /* Debug */,
				B4B983AD15EC6E9500485407 /* Release */,
			);
			defaultConfigurationIsVisible = 0;
			defaultConfigurationName = Release;
		};
/* End XCConfigurationList section */

/* Begin XCVersionGroup section */
		B427B28915F2A4DE00991195 /* Model.xcdatamodeld */ = {
			isa = XCVersionGroup;
			children = (
				B427B28A15F2A4DE00991195 /* Model.xcdatamodel */,
			);
			currentVersion = B427B28A15F2A4DE00991195 /* Model.xcdatamodel */;
			path = Model.xcdatamodeld;
			sourceTree = "<group>";
			versionGroupType = wrapper.xcdatamodel;
		};
/* End XCVersionGroup section */
	};
	rootObject = B4B9836915EC6E9500485407 /* Project object */;
}
